
Microsoft Visual Studio Solution File, Format Version 12.00
# Visual Studio Version 17
VisualStudioVersion = 17.14.36202.13 d17.14
MinimumVisualStudioVersion = 10.0.40219.1
Project("{FAE04EC0-301F-11D3-BF4B-00C04F79EFBC}") = "FF14 BOM WebAPI Demo", "FF14 BOM WebAPI Demo.csproj", "{49368DB4-9EC6-38F3-61FD-66A5F856A7D3}"
EndProject
Global
	GlobalSection(SolutionConfigurationPlatforms) = preSolution
		Debug|Any CPU = Debug|Any CPU
		Release|Any CPU = Release|Any CPU
	EndGlobalSection
	GlobalSection(ProjectConfigurationPlatforms) = postSolution
		{49368DB4-9EC6-38F3-61FD-66A5F856A7D3}.Debug|Any CPU.ActiveCfg = Debug|Any CPU
		{49368DB4-9EC6-38F3-61FD-66A5F856A7D3}.Debug|Any CPU.Build.0 = Debug|Any CPU
		{49368DB4-9EC6-38F3-61FD-66A5F856A7D3}.Release|Any CPU.ActiveCfg = Release|Any CPU
		{49368DB4-9EC6-38F3-61FD-66A5F856A7D3}.Release|Any CPU.Build.0 = Release|Any CPU
	EndGlobalSection
	GlobalSection(SolutionProperties) = preSolution
		HideSolutionNode = FALSE
	EndGlobalSection
	GlobalSection(ExtensibilityGlobals) = postSolution
		SolutionGuid = {280442FA-599B-47C9-8729-AE3315167F74}
	EndGlobalSection
EndGlobal
